// !$*UTF8*$!
{
	archiveVersion = 1;
	classes = {
	};
	objectVersion = 48;
	objects = {

/* Begin PBXBuildFile section */
		073FC5CC1FB7C45D00C27C4E /* AppDelegate.swift in Sources */ = {isa = PBXBuildFile; fileRef = 073FC5CB1FB7C45D00C27C4E /* AppDelegate.swift */; };
		073FC5CE1FB7C45D00C27C4E /* ViewController.swift in Sources */ = {isa = PBXBuildFile; fileRef = 073FC5CD1FB7C45D00C27C4E /* ViewController.swift */; };
		073FC5D11FB7C45D00C27C4E /* Main.storyboard in Resources */ = {isa = PBXBuildFile; fileRef = 073FC5CF1FB7C45D00C27C4E /* Main.storyboard */; };
		073FC5D31FB7C45E00C27C4E /* Assets.xcassets in Resources */ = {isa = PBXBuildFile; fileRef = 073FC5D21FB7C45E00C27C4E /* Assets.xcassets */; };
		073FC5D61FB7C45E00C27C4E /* LaunchScreen.storyboard in Resources */ = {isa = PBXBuildFile; fileRef = 073FC5D41FB7C45E00C27C4E /* LaunchScreen.storyboard */; };
		073FC5E11FB7C45E00C27C4E /* MachineLearningTests.swift in Sources */ = {isa = PBXBuildFile; fileRef = 073FC5E01FB7C45E00C27C4E /* MachineLearningTests.swift */; };
		073FC5EC1FB7C45E00C27C4E /* MachineLearningUITests.swift in Sources */ = {isa = PBXBuildFile; fileRef = 073FC5EB1FB7C45E00C27C4E /* MachineLearningUITests.swift */; };
/* End PBXBuildFile section */

/* Begin PBXContainerItemProxy section */
		073FC5DD1FB7C45E00C27C4E /* PBXContainerItemProxy */ = {
			isa = PBXContainerItemProxy;
			containerPortal = 073FC5C01FB7C45C00C27C4E /* Project object */;
			proxyType = 1;
			remoteGlobalIDString = 073FC5C71FB7C45C00C27C4E;
			remoteInfo = MachineLearning;
		};
		073FC5E81FB7C45E00C27C4E /* PBXContainerItemProxy */ = {
			isa = PBXContainerItemProxy;
			containerPortal = 073FC5C01FB7C45C00C27C4E /* Project object */;
			proxyType = 1;
			remoteGlobalIDString = 073FC5C71FB7C45C00C27C4E;
			remoteInfo = MachineLearning;
		};
/* End PBXContainerItemProxy section */

/* Begin PBXFileReference section */
		073FC5C81FB7C45C00C27C4E /* MachineLearning.app */ = {isa = PBXFileReference; explicitFileType = wrapper.application; includeInIndex = 0; path = MachineLearning.app; sourceTree = BUILT_PRODUCTS_DIR; };
		073FC5CB1FB7C45D00C27C4E /* AppDelegate.swift */ = {isa = PBXFileReference; lastKnownFileType = sourcecode.swift; path = AppDelegate.swift; sourceTree = "<group>"; };
		073FC5CD1FB7C45D00C27C4E /* ViewController.swift */ = {isa = PBXFileReference; lastKnownFileType = sourcecode.swift; path = ViewController.swift; sourceTree = "<group>"; };
		073FC5D01FB7C45D00C27C4E /* Base */ = {isa = PBXFileReference; lastKnownFileType = file.storyboard; name = Base; path = Base.lproj/Main.storyboard; sourceTree = "<group>"; };
		073FC5D21FB7C45E00C27C4E /* Assets.xcassets */ = {isa = PBXFileReference; lastKnownFileType = folder.assetcatalog; path = Assets.xcassets; sourceTree = "<group>"; };
		073FC5D51FB7C45E00C27C4E /* Base */ = {isa = PBXFileReference; lastKnownFileType = file.storyboard; name = Base; path = Base.lproj/LaunchScreen.storyboard; sourceTree = "<group>"; };
		073FC5D71FB7C45E00C27C4E /* Info.plist */ = {isa = PBXFileReference; lastKnownFileType = text.plist.xml; path = Info.plist; sourceTree = "<group>"; };
		073FC5DC1FB7C45E00C27C4E /* MachineLearningTests.xctest */ = {isa = PBXFileReference; explicitFileType = wrapper.cfbundle; includeInIndex = 0; path = MachineLearningTests.xctest; sourceTree = BUILT_PRODUCTS_DIR; };
		073FC5E01FB7C45E00C27C4E /* MachineLearningTests.swift */ = {isa = PBXFileReference; lastKnownFileType = sourcecode.swift; path = MachineLearningTests.swift; sourceTree = "<group>"; };
		073FC5E21FB7C45E00C27C4E /* Info.plist */ = {isa = PBXFileReference; lastKnownFileType = text.plist.xml; path = Info.plist; sourceTree = "<group>"; };
		073FC5E71FB7C45E00C27C4E /* MachineLearningUITests.xctest */ = {isa = PBXFileReference; explicitFileType = wrapper.cfbundle; includeInIndex = 0; path = MachineLearningUITests.xctest; sourceTree = BUILT_PRODUCTS_DIR; };
		073FC5EB1FB7C45E00C27C4E /* MachineLearningUITests.swift */ = {isa = PBXFileReference; lastKnownFileType = sourcecode.swift; path = MachineLearningUITests.swift; sourceTree = "<group>"; };
		073FC5ED1FB7C45E00C27C4E /* Info.plist */ = {isa = PBXFileReference; lastKnownFileType = text.plist.xml; path = Info.plist; sourceTree = "<group>"; };
/* End PBXFileReference section */

/* Begin PBXFrameworksBuildPhase section */
		073FC5C51FB7C45C00C27C4E /* Frameworks */ = {
			isa = PBXFrameworksBuildPhase;
			buildActionMask = 2147483647;
			files = (
			);
			runOnlyForDeploymentPostprocessing = 0;
		};
		073FC5D91FB7C45E00C27C4E /* Frameworks */ = {
			isa = PBXFrameworksBuildPhase;
			buildActionMask = 2147483647;
			files = (
			);
			runOnlyForDeploymentPostprocessing = 0;
		};
		073FC5E41FB7C45E00C27C4E /* Frameworks */ = {
			isa = PBXFrameworksBuildPhase;
			buildActionMask = 2147483647;
			files = (
			);
			runOnlyForDeploymentPostprocessing = 0;
		};
/* End PBXFrameworksBuildPhase section */

/* Begin PBXGroup section */
		073FC5BF1FB7C45C00C27C4E = {
			isa = PBXGroup;
			children = (
				073FC5CA1FB7C45D00C27C4E /* MachineLearning */,
				073FC5DF1FB7C45E00C27C4E /* MachineLearningTests */,
				073FC5EA1FB7C45E00C27C4E /* MachineLearningUITests */,
				073FC5C91FB7C45C00C27C4E /* Products */,
			);
			sourceTree = "<group>";
		};
		073FC5C91FB7C45C00C27C4E /* Products */ = {
			isa = PBXGroup;
			children = (
				073FC5C81FB7C45C00C27C4E /* MachineLearning.app */,
				073FC5DC1FB7C45E00C27C4E /* MachineLearningTests.xctest */,
				073FC5E71FB7C45E00C27C4E /* MachineLearningUITests.xctest */,
			);
			name = Products;
			sourceTree = "<group>";
		};
		073FC5CA1FB7C45D00C27C4E /* MachineLearning */ = {
			isa = PBXGroup;
			children = (
				073FC5CB1FB7C45D00C27C4E /* AppDelegate.swift */,
				073FC5CD1FB7C45D00C27C4E /* ViewController.swift */,
				073FC5CF1FB7C45D00C27C4E /* Main.storyboard */,
				073FC5D21FB7C45E00C27C4E /* Assets.xcassets */,
				073FC5D41FB7C45E00C27C4E /* LaunchScreen.storyboard */,
				073FC5D71FB7C45E00C27C4E /* Info.plist */,
			);
			path = MachineLearning;
			sourceTree = "<group>";
		};
		073FC5DF1FB7C45E00C27C4E /* MachineLearningTests */ = {
			isa = PBXGroup;
			children = (
				073FC5E01FB7C45E00C27C4E /* MachineLearningTests.swift */,
				073FC5E21FB7C45E00C27C4E /* Info.plist */,
			);
			path = MachineLearningTests;
			sourceTree = "<group>";
		};
		073FC5EA1FB7C45E00C27C4E /* MachineLearningUITests */ = {
			isa = PBXGroup;
			children = (
				073FC5EB1FB7C45E00C27C4E /* MachineLearningUITests.swift */,
				073FC5ED1FB7C45E00C27C4E /* Info.plist */,
			);
			path = MachineLearningUITests;
			sourceTree = "<group>";
		};
/* End PBXGroup section */

/* Begin PBXNativeTarget section */
		073FC5C71FB7C45C00C27C4E /* MachineLearning */ = {
			isa = PBXNativeTarget;
			buildConfigurationList = 073FC5F01FB7C45E00C27C4E /* Build configuration list for PBXNativeTarget "MachineLearning" */;
			buildPhases = (
				073FC5C41FB7C45C00C27C4E /* Sources */,
				073FC5C51FB7C45C00C27C4E /* Frameworks */,
				073FC5C61FB7C45C00C27C4E /* Resources */,
			);
			buildRules = (
			);
			dependencies = (
			);
			name = MachineLearning;
			productName = MachineLearning;
			productReference = 073FC5C81FB7C45C00C27C4E /* MachineLearning.app */;
			productType = "com.apple.product-type.application";
		};
		073FC5DB1FB7C45E00C27C4E /* MachineLearningTests */ = {
			isa = PBXNativeTarget;
			buildConfigurationList = 073FC5F31FB7C45E00C27C4E /* Build configuration list for PBXNativeTarget "MachineLearningTests" */;
			buildPhases = (
				073FC5D81FB7C45E00C27C4E /* Sources */,
				073FC5D91FB7C45E00C27C4E /* Frameworks */,
				073FC5DA1FB7C45E00C27C4E /* Resources */,
			);
			buildRules = (
			);
			dependencies = (
				073FC5DE1FB7C45E00C27C4E /* PBXTargetDependency */,
			);
			name = MachineLearningTests;
			productName = MachineLearningTests;
			productReference = 073FC5DC1FB7C45E00C27C4E /* MachineLearningTests.xctest */;
			productType = "com.apple.product-type.bundle.unit-test";
		};
		073FC5E61FB7C45E00C27C4E /* MachineLearningUITests */ = {
			isa = PBXNativeTarget;
			buildConfigurationList = 073FC5F61FB7C45E00C27C4E /* Build configuration list for PBXNativeTarget "MachineLearningUITests" */;
			buildPhases = (
				073FC5E31FB7C45E00C27C4E /* Sources */,
				073FC5E41FB7C45E00C27C4E /* Frameworks */,
				073FC5E51FB7C45E00C27C4E /* Resources */,
			);
			buildRules = (
			);
			dependencies = (
				073FC5E91FB7C45E00C27C4E /* PBXTargetDependency */,
			);
			name = MachineLearningUITests;
			productName = MachineLearningUITests;
			productReference = 073FC5E71FB7C45E00C27C4E /* MachineLearningUITests.xctest */;
			productType = "com.apple.product-type.bundle.ui-testing";
		};
/* End PBXNativeTarget section */

/* Begin PBXProject section */
		073FC5C01FB7C45C00C27C4E /* Project object */ = {
			isa = PBXProject;
			attributes = {
				LastSwiftUpdateCheck = 0910;
				LastUpgradeCheck = 0910;
				ORGANIZATIONNAME = "Better Search, LLC";
				TargetAttributes = {
					073FC5C71FB7C45C00C27C4E = {
						CreatedOnToolsVersion = 9.1;
						ProvisioningStyle = Automatic;
					};
					073FC5DB1FB7C45E00C27C4E = {
						CreatedOnToolsVersion = 9.1;
						ProvisioningStyle = Automatic;
						TestTargetID = 073FC5C71FB7C45C00C27C4E;
					};
					073FC5E61FB7C45E00C27C4E = {
						CreatedOnToolsVersion = 9.1;
						ProvisioningStyle = Automatic;
						TestTargetID = 073FC5C71FB7C45C00C27C4E;
					};
				};
			};
			buildConfigurationList = 073FC5C31FB7C45C00C27C4E /* Build configuration list for PBXProject "MachineLearning" */;
			compatibilityVersion = "Xcode 8.0";
			developmentRegion = en;
			hasScannedForEncodings = 0;
			knownRegions = (
				en,
				Base,
			);
			mainGroup = 073FC5BF1FB7C45C00C27C4E;
			productRefGroup = 073FC5C91FB7C45C00C27C4E /* Products */;
			projectDirPath = "";
			projectRoot = "";
			targets = (
				073FC5C71FB7C45C00C27C4E /* MachineLearning */,
				073FC5DB1FB7C45E00C27C4E /* MachineLearningTests */,
				073FC5E61FB7C45E00C27C4E /* MachineLearningUITests */,
			);
		};
/* End PBXProject section */

/* Begin PBXResourcesBuildPhase section */
		073FC5C61FB7C45C00C27C4E /* Resources */ = {
			isa = PBXResourcesBuildPhase;
			buildActionMask = 2147483647;
			files = (
				073FC5D61FB7C45E00C27C4E /* LaunchScreen.storyboard in Resources */,
				073FC5D31FB7C45E00C27C4E /* Assets.xcassets in Resources */,
				073FC5D11FB7C45D00C27C4E /* Main.storyboard in Resources */,
			);
			runOnlyForDeploymentPostprocessing = 0;
		};
		073FC5DA1FB7C45E00C27C4E /* Resources */ = {
			isa = PBXResourcesBuildPhase;
			buildActionMask = 2147483647;
			files = (
			);
			runOnlyForDeploymentPostprocessing = 0;
		};
		073FC5E51FB7C45E00C27C4E /* Resources */ = {
			isa = PBXResourcesBuildPhase;
			buildActionMask = 2147483647;
			files = (
			);
			runOnlyForDeploymentPostprocessing = 0;
		};
/* End PBXResourcesBuildPhase section */

/* Begin PBXSourcesBuildPhase section */
		073FC5C41FB7C45C00C27C4E /* Sources */ = {
			isa = PBXSourcesBuildPhase;
			buildActionMask = 2147483647;
			files = (
				073FC5CE1FB7C45D00C27C4E /* ViewController.swift in Sources */,
				073FC5CC1FB7C45D00C27C4E /* AppDelegate.swift in Sources */,
			);
			runOnlyForDeploymentPostprocessing = 0;
		};
		073FC5D81FB7C45E00C27C4E /* Sources */ = {
			isa = PBXSourcesBuildPhase;
			buildActionMask = 2147483647;
			files = (
				073FC5E11FB7C45E00C27C4E /* MachineLearningTests.swift in Sources */,
			);
			runOnlyForDeploymentPostprocessing = 0;
		};
		073FC5E31FB7C45E00C27C4E /* Sources */ = {
			isa = PBXSourcesBuildPhase;
			buildActionMask = 2147483647;
			files = (
				073FC5EC1FB7C45E00C27C4E /* MachineLearningUITests.swift in Sources */,
			);
			runOnlyForDeploymentPostprocessing = 0;
		};
/* End PBXSourcesBuildPhase section */

/* Begin PBXTargetDependency section */
		073FC5DE1FB7C45E00C27C4E /* PBXTargetDependency */ = {
			isa = PBXTargetDependency;
			target = 073FC5C71FB7C45C00C27C4E /* MachineLearning */;
			targetProxy = 073FC5DD1FB7C45E00C27C4E /* PBXContainerItemProxy */;
		};
		073FC5E91FB7C45E00C27C4E /* PBXTargetDependency */ = {
			isa = PBXTargetDependency;
			target = 073FC5C71FB7C45C00C27C4E /* MachineLearning */;
			targetProxy = 073FC5E81FB7C45E00C27C4E /* PBXContainerItemProxy */;
		};
/* End PBXTargetDependency section */

/* Begin PBXVariantGroup section */
		073FC5CF1FB7C45D00C27C4E /* Main.storyboard */ = {
			isa = PBXVariantGroup;
			children = (
				073FC5D01FB7C45D00C27C4E /* Base */,
			);
			name = Main.storyboard;
			sourceTree = "<group>";
		};
		073FC5D41FB7C45E00C27C4E /* LaunchScreen.storyboard */ = {
			isa = PBXVariantGroup;
			children = (
				073FC5D51FB7C45E00C27C4E /* Base */,
			);
			name = LaunchScreen.storyboard;
			sourceTree = "<group>";
		};
/* End PBXVariantGroup section */

/* Begin XCBuildConfiguration section */
		073FC5EE1FB7C45E00C27C4E /* Debug */ = {
			isa = XCBuildConfiguration;
			buildSettings = {
				ALWAYS_SEARCH_USER_PATHS = NO;
				CLANG_ANALYZER_NONNULL = YES;
				CLANG_ANALYZER_NUMBER_OBJECT_CONVERSION = YES_AGGRESSIVE;
				CLANG_CXX_LANGUAGE_STANDARD = "gnu++14";
				CLANG_CXX_LIBRARY = "libc++";
				CLANG_ENABLE_MODULES = YES;
				CLANG_ENABLE_OBJC_ARC = YES;
				CLANG_WARN_BLOCK_CAPTURE_AUTORELEASING = YES;
				CLANG_WARN_BOOL_CONVERSION = YES;
				CLANG_WARN_COMMA = YES;
				CLANG_WARN_CONSTANT_CONVERSION = YES;
				CLANG_WARN_DIRECT_OBJC_ISA_USAGE = YES_ERROR;
				CLANG_WARN_DOCUMENTATION_COMMENTS = YES;
				CLANG_WARN_EMPTY_BODY = YES;
				CLANG_WARN_ENUM_CONVERSION = YES;
				CLANG_WARN_INFINITE_RECURSION = YES;
				CLANG_WARN_INT_CONVERSION = YES;
				CLANG_WARN_NON_LITERAL_NULL_CONVERSION = YES;
				CLANG_WARN_OBJC_LITERAL_CONVERSION = YES;
				CLANG_WARN_OBJC_ROOT_CLASS = YES_ERROR;
				CLANG_WARN_RANGE_LOOP_ANALYSIS = YES;
				CLANG_WARN_STRICT_PROTOTYPES = YES;
				CLANG_WARN_SUSPICIOUS_MOVE = YES;
				CLANG_WARN_UNGUARDED_AVAILABILITY = YES_AGGRESSIVE;
				CLANG_WARN_UNREACHABLE_CODE = YES;
				CLANG_WARN__DUPLICATE_METHOD_MATCH = YES;
				CODE_SIGN_IDENTITY = "iPhone Developer";
				COPY_PHASE_STRIP = NO;
				DEBUG_INFORMATION_FORMAT = dwarf;
				ENABLE_STRICT_OBJC_MSGSEND = YES;
				ENABLE_TESTABILITY = YES;
				GCC_C_LANGUAGE_STANDARD = gnu11;
				GCC_DYNAMIC_NO_PIC = NO;
				GCC_NO_COMMON_BLOCKS = YES;
				GCC_OPTIMIZATION_LEVEL = 0;
				GCC_PREPROCESSOR_DEFINITIONS = (
					"DEBUG=1",
					"$(inherited)",
				);
				GCC_WARN_64_TO_32_BIT_CONVERSION = YES;
				GCC_WARN_ABOUT_RETURN_TYPE = YES_ERROR;
				GCC_WARN_UNDECLARED_SELECTOR = YES;
				GCC_WARN_UNINITIALIZED_AUTOS = YES_AGGRESSIVE;
				GCC_WARN_UNUSED_FUNCTION = YES;
				GCC_WARN_UNUSED_VARIABLE = YES;
				IPHONEOS_DEPLOYMENT_TARGET = 11.1;
				MTL_ENABLE_DEBUG_INFO = YES;
				ONLY_ACTIVE_ARCH = YES;
				SDKROOT = iphoneos;
				SWIFT_ACTIVE_COMPILATION_CONDITIONS = DEBUG;
				SWIFT_OPTIMIZATION_LEVEL = "-Onone";
			};
			name = Debug;
		};
		073FC5EF1FB7C45E00C27C4E /* Release */ = {
			isa = XCBuildConfiguration;
			buildSettings = {
				ALWAYS_SEARCH_USER_PATHS = NO;
				CLANG_ANALYZER_NONNULL = YES;
				CLANG_ANALYZER_NUMBER_OBJECT_CONVERSION = YES_AGGRESSIVE;
				CLANG_CXX_LANGUAGE_STANDARD = "gnu++14";
				CLANG_CXX_LIBRARY = "libc++";
				CLANG_ENABLE_MODULES = YES;
				CLANG_ENABLE_OBJC_ARC = YES;
				CLANG_WARN_BLOCK_CAPTURE_AUTORELEASING = YES;
				CLANG_WARN_BOOL_CONVERSION = YES;
				CLANG_WARN_COMMA = YES;
				CLANG_WARN_CONSTANT_CONVERSION = YES;
				CLANG_WARN_DIRECT_OBJC_ISA_USAGE = YES_ERROR;
				CLANG_WARN_DOCUMENTATION_COMMENTS = YES;
				CLANG_WARN_EMPTY_BODY = YES;
				CLANG_WARN_ENUM_CONVERSION = YES;
				CLANG_WARN_INFINITE_RECURSION = YES;
				CLANG_WARN_INT_CONVERSION = YES;
				CLANG_WARN_NON_LITERAL_NULL_CONVERSION = YES;
				CLANG_WARN_OBJC_LITERAL_CONVERSION = YES;
				CLANG_WARN_OBJC_ROOT_CLASS = YES_ERROR;
				CLANG_WARN_RANGE_LOOP_ANALYSIS = YES;
				CLANG_WARN_STRICT_PROTOTYPES = YES;
				CLANG_WARN_SUSPICIOUS_MOVE = YES;
				CLANG_WARN_UNGUARDED_AVAILABILITY = YES_AGGRESSIVE;
				CLANG_WARN_UNREACHABLE_CODE = YES;
				CLANG_WARN__DUPLICATE_METHOD_MATCH = YES;
				CODE_SIGN_IDENTITY = "iPhone Developer";
				COPY_PHASE_STRIP = NO;
				DEBUG_INFORMATION_FORMAT = "dwarf-with-dsym";
				ENABLE_NS_ASSERTIONS = NO;
				ENABLE_STRICT_OBJC_MSGSEND = YES;
				GCC_C_LANGUAGE_STANDARD = gnu11;
				GCC_NO_COMMON_BLOCKS = YES;
				GCC_WARN_64_TO_32_BIT_CONVERSION = YES;
				GCC_WARN_ABOUT_RETURN_TYPE = YES_ERROR;
				GCC_WARN_UNDECLARED_SELECTOR = YES;
				GCC_WARN_UNINITIALIZED_AUTOS = YES_AGGRESSIVE;
				GCC_WARN_UNUSED_FUNCTION = YES;
				GCC_WARN_UNUSED_VARIABLE = YES;
				IPHONEOS_DEPLOYMENT_TARGET = 11.1;
				MTL_ENABLE_DEBUG_INFO = NO;
				SDKROOT = iphoneos;
				SWIFT_OPTIMIZATION_LEVEL = "-Owholemodule";
				VALIDATE_PRODUCT = YES;
			};
			name = Release;
		};
		073FC5F11FB7C45E00C27C4E /* Debug */ = {
			isa = XCBuildConfiguration;
			buildSettings = {
				ASSETCATALOG_COMPILER_APPICON_NAME = AppIcon;
				CODE_SIGN_STYLE = Automatic;
				DEVELOPMENT_TEAM = 24Q366W5BQ;
				INFOPLIST_FILE = MachineLearning/Info.plist;
				LD_RUNPATH_SEARCH_PATHS = "$(inherited) @executable_path/Frameworks";
				PRODUCT_BUNDLE_IDENTIFIER = com.bettersearchllc..MachineLearning;
				PRODUCT_NAME = "$(TARGET_NAME)";
				SWIFT_VERSION = 4.0;
				TARGETED_DEVICE_FAMILY = "1,2";
			};
			name = Debug;
		};
		073FC5F21FB7C45E00C27C4E /* Release */ = {
			isa = XCBuildConfiguration;
			buildSettings = {
				ASSETCATALOG_COMPILER_APPICON_NAME = AppIcon;
				CODE_SIGN_STYLE = Automatic;
				DEVELOPMENT_TEAM = 24Q366W5BQ;
				INFOPLIST_FILE = MachineLearning/Info.plist;
				LD_RUNPATH_SEARCH_PATHS = "$(inherited) @executable_path/Frameworks";
				PRODUCT_BUNDLE_IDENTIFIER = com.bettersearchllc..MachineLearning;
				PRODUCT_NAME = "$(TARGET_NAME)";
				SWIFT_VERSION = 4.0;
				TARGETED_DEVICE_FAMILY = "1,2";
			};
			name = Release;
		};
		073FC5F41FB7C45E00C27C4E /* Debug */ = {
			isa = XCBuildConfiguration;
			buildSettings = {
				ALWAYS_EMBED_SWIFT_STANDARD_LIBRARIES = YES;
				BUNDLE_LOADER = "$(TEST_HOST)";
				CODE_SIGN_STYLE = Automatic;
				DEVELOPMENT_TEAM = 24Q366W5BQ;
				INFOPLIST_FILE = MachineLearningTests/Info.plist;
				LD_RUNPATH_SEARCH_PATHS = "$(inherited) @executable_path/Frameworks @loader_path/Frameworks";
				PRODUCT_BUNDLE_IDENTIFIER = com.bettersearchllc..MachineLearningTests;
				PRODUCT_NAME = "$(TARGET_NAME)";
				SWIFT_VERSION = 4.0;
				TARGETED_DEVICE_FAMILY = "1,2";
				TEST_HOST = "$(BUILT_PRODUCTS_DIR)/MachineLearning.app/MachineLearning";
			};
			name = Debug;
		};
		073FC5F51FB7C45E00C27C4E /* Release */ = {
			isa = XCBuildConfiguration;
			buildSettings = {
				ALWAYS_EMBED_SWIFT_STANDARD_LIBRARIES = YES;
				BUNDLE_LOADER = "$(TEST_HOST)";
				CODE_SIGN_STYLE = Automatic;
				DEVELOPMENT_TEAM = 24Q366W5BQ;
				INFOPLIST_FILE = MachineLearningTests/Info.plist;
				LD_RUNPATH_SEARCH_PATHS = "$(inherited) @executable_path/Frameworks @loader_path/Frameworks";
				PRODUCT_BUNDLE_IDENTIFIER = com.bettersearchllc..MachineLearningTests;
				PRODUCT_NAME = "$(TARGET_NAME)";
				SWIFT_VERSION = 4.0;
				TARGETED_DEVICE_FAMILY = "1,2";
				TEST_HOST = "$(BUILT_PRODUCTS_DIR)/MachineLearning.app/MachineLearning";
			};
			name = Release;
		};
		073FC5F71FB7C45E00C27C4E /* Debug */ = {
			isa = XCBuildConfiguration;
			buildSettings = {
				ALWAYS_EMBED_SWIFT_STANDARD_LIBRARIES = YES;
				CODE_SIGN_STYLE = Automatic;
				DEVELOPMENT_TEAM = 24Q366W5BQ;
				INFOPLIST_FILE = MachineLearningUITests/Info.plist;
				LD_RUNPATH_SEARCH_PATHS = "$(inherited) @executable_path/Frameworks @loader_path/Frameworks";
				PRODUCT_BUNDLE_IDENTIFIER = com.bettersearchllc..MachineLearningUITests;
				PRODUCT_NAME = "$(TARGET_NAME)";
				SWIFT_VERSION = 4.0;
				TARGETED_DEVICE_FAMILY = "1,2";
				TEST_TARGET_NAME = MachineLearning;
			};
			name = Debug;
		};
		073FC5F81FB7C45E00C27C4E /* Release */ = {
			isa = XCBuildConfiguration;
			buildSettings = {
				ALWAYS_EMBED_SWIFT_STANDARD_LIBRARIES = YES;
				CODE_SIGN_STYLE = Automatic;
				DEVELOPMENT_TEAM = 24Q366W5BQ;
				INFOPLIST_FILE = MachineLearningUITests/Info.plist;
				LD_RUNPATH_SEARCH_PATHS = "$(inherited) @executable_path/Frameworks @loader_path/Frameworks";
				PRODUCT_BUNDLE_IDENTIFIER = com.bettersearchllc..MachineLearningUITests;
				PRODUCT_NAME = "$(TARGET_NAME)";
				SWIFT_VERSION = 4.0;
				TARGETED_DEVICE_FAMILY = "1,2";
				TEST_TARGET_NAME = MachineLearning;
			};
			name = Release;
		};
/* End XCBuildConfiguration section */

/* Begin XCConfigurationList section */
		073FC5C31FB7C45C00C27C4E /* Build configuration list for PBXProject "MachineLearning" */ = {
			isa = XCConfigurationList;
			buildConfigurations = (
				073FC5EE1FB7C45E00C27C4E /* Debug */,
				073FC5EF1FB7C45E00C27C4E /* Release */,
			);
			defaultConfigurationIsVisible = 0;
			defaultConfigurationName = Release;
		};
		073FC5F01FB7C45E00C27C4E /* Build configuration list for PBXNativeTarget "MachineLearning" */ = {
			isa = XCConfigurationList;
			buildConfigurations = (
				073FC5F11FB7C45E00C27C4E /* Debug */,
				073FC5F21FB7C45E00C27C4E /* Release */,
			);
			defaultConfigurationIsVisible = 0;
			defaultConfigurationName = Release;
		};
		073FC5F31FB7C45E00C27C4E /* Build configuration list for PBXNativeTarget "MachineLearningTests" */ = {
			isa = XCConfigurationList;
			buildConfigurations = (
				073FC5F41FB7C45E00C27C4E /* Debug */,
				073FC5F51FB7C45E00C27C4E /* Release */,
			);
			defaultConfigurationIsVisible = 0;
			defaultConfigurationName = Release;
		};
		073FC5F61FB7C45E00C27C4E /* Build configuration list for PBXNativeTarget "MachineLearningUITests" */ = {
			isa = XCConfigurationList;
			buildConfigurations = (
				073FC5F71FB7C45E00C27C4E /* Debug */,
				073FC5F81FB7C45E00C27C4E /* Release */,
			);
			defaultConfigurationIsVisible = 0;
			defaultConfigurationName = Release;
		};
/* End XCConfigurationList section */
	};
	rootObject = 073FC5C01FB7C45C00C27C4E /* Project object */;
}
